
Microsoft Visual Studio Solution File, Format Version 12.00
# Visual Studio Version 17
VisualStudioVersion = 17.4.33205.214
MinimumVisualStudioVersion = 10.0.40219.1
Project("{9A19103F-16F7-4668-BE54-9A1E7A4F7556}") = "OfficialMemo", "OfficialMemo\OfficialMemo.csproj", "{BE6D8E40-6E68-4825-A441-0168C3BACA6B}"
EndProject
Project("{9A19103F-16F7-4668-BE54-9A1E7A4F7556}") = "Signer", "Signer\Signer.csproj", "{7DFA9BCF-FE7F-4683-A9C1-B3AE9A7C6F31}"
EndProject
Global
	GlobalSection(SolutionConfigurationPlatforms) = preSolution
		Debug|Any CPU = Debug|Any CPU
		Release|Any CPU = Release|Any CPU
	EndGlobalSection
	GlobalSection(ProjectConfigurationPlatforms) = postSolution
		{BE6D8E40-6E68-4825-A441-0168C3BACA6B}.Debug|Any CPU.ActiveCfg = Debug|Any CPU
		{BE6D8E40-6E68-4825-A441-0168C3BACA6B}.Debug|Any CPU.Build.0 = Debug|Any CPU
		{BE6D8E40-6E68-4825-A441-0168C3BACA6B}.Release|Any CPU.ActiveCfg = Release|Any CPU
		{BE6D8E40-6E68-4825-A441-0168C3BACA6B}.Release|Any CPU.Build.0 = Release|Any CPU
		{7DFA9BCF-FE7F-4683-A9C1-B3AE9A7C6F31}.Debug|Any CPU.ActiveCfg = Debug|Any CPU
		{7DFA9BCF-FE7F-4683-A9C1-B3AE9A7C6F31}.Debug|Any CPU.Build.0 = Debug|Any CPU
		{7DFA9BCF-FE7F-4683-A9C1-B3AE9A7C6F31}.Release|Any CPU.ActiveCfg = Release|Any CPU
		{7DFA9BCF-FE7F-4683-A9C1-B3AE9A7C6F31}.Release|Any CPU.Build.0 = Release|Any CPU
	EndGlobalSection
	GlobalSection(SolutionProperties) = preSolution
		HideSolutionNode = FALSE
	EndGlobalSection
	GlobalSection(ExtensibilityGlobals) = postSolution
		SolutionGuid = {2E29FF78-8367-4022-B665-908F109BB91A}
	EndGlobalSection
EndGlobal
